{
  "requires": true,
  "lockfileVersion": 1,
  "dependencies": {
    "asyncblock": {
      "version": "2.2.12",
      "resolved": "https://registry.npmjs.org/asyncblock/-/asyncblock-2.2.12.tgz",
      "integrity": "sha1-ipB13Msfw/H1fnGWGT2US/Ft01w=",
      "requires": {
        "asyncblock-generators": "2.2.12",
        "fibers": "2.0.0"
      }
    },
    "asyncblock-generators": {
      "version": "2.2.12",
      "resolved": "https://registry.npmjs.org/asyncblock-generators/-/asyncblock-generators-2.2.12.tgz",
      "integrity": "sha1-A6AJLJaFEJDJRGqr+J8XY2RXX9c=",
      "requires": {
        "esprima": "4.0.0"
      }
    },
    "esprima": {
      "version": "4.0.0",
      "resolved": "https://registry.npmjs.org/esprima/-/esprima-4.0.0.tgz",
      "integrity": "sha512-oftTcaMu/EGrEIu904mWteKIv8vMuOgGYo7EhVJJN00R/EED9DCua/xxHRdYnKtcECzVg7xOWhflvJMnqcFZjw=="
    },
    "execSync": {
      "version": "1.0.2",
      "resolved": "https://registry.npmjs.org/execSync/-/execSync-1.0.2.tgz",
      "integrity": "sha1-H0LtpYIiUYAFMiTs3T/Rlg/bMTk=",
      "requires": {
        "temp": "0.5.1"
      }
    },
    "fibers": {
      "version": "2.0.0",
      "resolved": "https://registry.npmjs.org/fibers/-/fibers-2.0.0.tgz",
      "integrity": "sha512-sLxo4rZVk7xLgAjb/6zEzHJfSALx6u6coN1z61XCOF7i6CyTdJawF4+RdpjCSeS8AP66eR2InScbYAz9RAVOgA=="
    },
    "graceful-fs": {
      "version": "1.2.3",
      "resolved": "https://registry.npmjs.org/graceful-fs/-/graceful-fs-1.2.3.tgz",
      "integrity": "sha1-FaSAaldUfLLS2/J/QuiajDRRs2Q="
    },
    "rimraf": {
      "version": "2.1.4",
      "resolved": "https://registry.npmjs.org/rimraf/-/rimraf-2.1.4.tgz",
      "integrity": "sha1-Wm62Lu2gaPUe3lDymz5c0i89m7I=",
      "requires": {
        "graceful-fs": "1.2.3"
      }
    },
    "temp": {
      "version": "0.5.1",
      "resolved": "https://registry.npmjs.org/temp/-/temp-0.5.1.tgz",
      "integrity": "sha1-d6sZx5qntZPL5PrCRBdoytmHuN8=",
      "requires": {
        "rimraf": "2.1.4"
      }
    }
  }
}
